// !$*UTF8*$!
{
	archiveVersion = 1;
	classes = {
	};
	objectVersion = 77;
	objects = {

/* Begin PBXFileReference section */
		F435D55B2F9A24D3005792AB /* large.png */ = {isa = PBXFileReference; lastKnownFileType = image.png; path = large.png; sourceTree = "<group>"; };
		F435D55C2F9A24D3005792AB /* preview.png */ = {isa = PBXFileReference; lastKnownFileType = image.png; path = preview.png; sourceTree = "<group>"; };
		F435D55D2F9A24D3005792AB /* small.png */ = {isa = PBXFileReference; lastKnownFileType = image.png; path = small.png; sourceTree = "<group>"; };
		F435D55F2F9A24D3005792AB /* english.html */ = {isa = PBXFileReference; lastKnownFileType = text.html; path = english.html; sourceTree = "<group>"; };
		F435D5602F9A24D3005792AB /* kazakh.html */ = {isa = PBXFileReference; lastKnownFileType = text.html; path = kazakh.html; sourceTree = "<group>"; };
		F435D5612F9A24D3005792AB /* russian.html */ = {isa = PBXFileReference; lastKnownFileType = text.html; path = russian.html; sourceTree = "<group>"; };
		F435D5662F9A24D3005792AB /* entrance.html */ = {isa = PBXFileReference; lastKnownFileType = text.html; path = entrance.html; sourceTree = "<group>"; };
		F435D56A2F9A24D3005792AB /* index.html */ = {isa = PBXFileReference; lastKnownFileType = text.html; path = index.html; sourceTree = "<group>"; };
		F435D56B2F9A24D3005792AB /* english.json */ = {isa = PBXFileReference; lastKnownFileType = text.json; path = english.json; sourceTree = "<group>"; };
		F435D56C2F9A24D3005792AB /* kazakh.json */ = {isa = PBXFileReference; lastKnownFileType = text.json; path = kazakh.json; sourceTree = "<group>"; };
		F435D56D2F9A24D3005792AB /* russian.json */ = {isa = PBXFileReference; lastKnownFileType = text.json; path = russian.json; sourceTree = "<group>"; };
		F435D56F2F9A24D3005792AB /* kazakhstan.html */ = {isa = PBXFileReference; lastKnownFileType = text.html; path = kazakhstan.html; sourceTree = "<group>"; };
		F435D5702F9A24D3005792AB /* russia.html */ = {isa = PBXFileReference; lastKnownFileType = text.html; path = russia.html; sourceTree = "<group>"; };
		F435D5722F9A24D3005792AB /* actions.js */ = {isa = PBXFileReference; lastKnownFileType = sourcecode.javascript; path = actions.js; sourceTree = "<group>"; };
		F435D5752F9A24D3005792AB /* colors.css */ = {isa = PBXFileReference; lastKnownFileType = text.css; path = colors.css; sourceTree = "<group>"; };
/* End PBXFileReference section */

/* Begin PBXGroup section */
		F435D5532F9A24B9005792AB = {
			isa = PBXGroup;
			children = (
				F435D56A2F9A24D3005792AB /* index.html */,
				F435D5692F9A24D3005792AB /* applications */,
				F435D5732F9A24D3005792AB /* localization */,
				F435D5762F9A24D3005792AB /* sourse */,
				F435D5742F9A24D3005792AB /* pics */,
			);
			sourceTree = "<group>";
		};
		F435D55E2F9A24D3005792AB /* pics */ = {
			isa = PBXGroup;
			children = (
				F435D55B2F9A24D3005792AB /* large.png */,
				F435D55C2F9A24D3005792AB /* preview.png */,
				F435D55D2F9A24D3005792AB /* small.png */,
			);
			path = pics;
			sourceTree = "<group>";
		};
		F435D5622F9A24D3005792AB /* kazakhstan */ = {
			isa = PBXGroup;
			children = (
				F435D55F2F9A24D3005792AB /* english.html */,
				F435D5602F9A24D3005792AB /* kazakh.html */,
				F435D5612F9A24D3005792AB /* russian.html */,
			);
			path = kazakhstan;
			sourceTree = "<group>";
		};
		F435D5632F9A24D3005792AB /* regions */ = {
			isa = PBXGroup;
			children = (
				F435D5622F9A24D3005792AB /* kazakhstan */,
			);
			path = regions;
			sourceTree = "<group>";
		};
		F435D5642F9A24D3005792AB /* server */ = {
			isa = PBXGroup;
			children = (
			);
			path = server;
			sourceTree = "<group>";
		};
		F435D5672F9A24D3005792AB /* services */ = {
			isa = PBXGroup;
			children = (
				F435D5662F9A24D3005792AB /* entrance.html */,
			);
			path = services;
			sourceTree = "<group>";
		};
		F435D5682F9A24D3005792AB /* deals */ = {
			isa = PBXGroup;
			children = (
				F435D55E2F9A24D3005792AB /* pics */,
				F435D5632F9A24D3005792AB /* regions */,
				F435D5642F9A24D3005792AB /* server */,
				F435D5672F9A24D3005792AB /* services */,
			);
			path = deals;
			sourceTree = "<group>";
		};
		F435D5692F9A24D3005792AB /* applications */ = {
			isa = PBXGroup;
			children = (
				F435D5682F9A24D3005792AB /* deals */,
			);
			path = applications;
			sourceTree = "<group>";
		};
		F435D56E2F9A24D3005792AB /* languages */ = {
			isa = PBXGroup;
			children = (
				F435D56B2F9A24D3005792AB /* english.json */,
				F435D56C2F9A24D3005792AB /* kazakh.json */,
				F435D56D2F9A24D3005792AB /* russian.json */,
			);
			path = languages;
			sourceTree = "<group>";
		};
		F435D5712F9A24D3005792AB /* regions */ = {
			isa = PBXGroup;
			children = (
				F435D56F2F9A24D3005792AB /* kazakhstan.html */,
				F435D5702F9A24D3005792AB /* russia.html */,
			);
			path = regions;
			sourceTree = "<group>";
		};
		F435D5732F9A24D3005792AB /* localization */ = {
			isa = PBXGroup;
			children = (
				F435D56E2F9A24D3005792AB /* languages */,
				F435D5712F9A24D3005792AB /* regions */,
				F435D5722F9A24D3005792AB /* actions.js */,
			);
			path = localization;
			sourceTree = "<group>";
		};
		F435D5742F9A24D3005792AB /* pics */ = {
			isa = PBXGroup;
			children = (
			);
			path = pics;
			sourceTree = "<group>";
		};
		F435D5762F9A24D3005792AB /* sourse */ = {
			isa = PBXGroup;
			children = (
				F435D5752F9A24D3005792AB /* colors.css */,
			);
			path = sourse;
			sourceTree = "<group>";
		};
/* End PBXGroup section */

/* Begin PBXProject section */
		F435D5542F9A24B9005792AB /* Project object */ = {
			isa = PBXProject;
			attributes = {
				BuildIndependentTargetsInParallel = 1;
				LastUpgradeCheck = 2640;
			};
			buildConfigurationList = F435D5572F9A24B9005792AB /* Build configuration list for PBXProject "hummer" */;
			developmentRegion = en;
			hasScannedForEncodings = 0;
			knownRegions = (
				en,
				Base,
			);
			mainGroup = F435D5532F9A24B9005792AB;
			minimizedProjectReferenceProxies = 1;
			preferredProjectObjectVersion = 77;
			projectDirPath = "";
			projectRoot = "";
			targets = (
			);
		};
/* End PBXProject section */

/* Begin XCBuildConfiguration section */
		F435D5582F9A24B9005792AB /* Debug */ = {
			isa = XCBuildConfiguration;
			buildSettings = {
			};
			name = Debug;
		};
		F435D5592F9A24B9005792AB /* Release */ = {
			isa = XCBuildConfiguration;
			buildSettings = {
			};
			name = Release;
		};
/* End XCBuildConfiguration section */

/* Begin XCConfigurationList section */
		F435D5572F9A24B9005792AB /* Build configuration list for PBXProject "hummer" */ = {
			isa = XCConfigurationList;
			buildConfigurations = (
				F435D5582F9A24B9005792AB /* Debug */,
				F435D5592F9A24B9005792AB /* Release */,
			);
			defaultConfigurationIsVisible = 0;
			defaultConfigurationName = Release;
		};
/* End XCConfigurationList section */
	};
	rootObject = F435D5542F9A24B9005792AB /* Project object */;
}
